
Microsoft Visual Studio Solution File, Format Version 12.00
# Visual Studio Version 17
VisualStudioVersion = 17.10.34916.146
MinimumVisualStudioVersion = 10.0.40219.1
Project("{FAE04EC0-301F-11D3-BF4B-00C04F79EFBC}") = "CountryCloud", "CountryCloud\CountryCloud.csproj", "{334BFEA6-C294-4EB2-82CB-2E3AEC4222BD}"
EndProject
Global
	GlobalSection(SolutionConfigurationPlatforms) = preSolution
		Debug|Any CPU = Debug|Any CPU
		Release|Any CPU = Release|Any CPU
	EndGlobalSection
	GlobalSection(ProjectConfigurationPlatforms) = postSolution
		{334BFEA6-C294-4EB2-82CB-2E3AEC4222BD}.Debug|Any CPU.ActiveCfg = Debug|Any CPU
		{334BFEA6-C294-4EB2-82CB-2E3AEC4222BD}.Debug|Any CPU.Build.0 = Debug|Any CPU
		{334BFEA6-C294-4EB2-82CB-2E3AEC4222BD}.Release|Any CPU.ActiveCfg = Release|Any CPU
		{334BFEA6-C294-4EB2-82CB-2E3AEC4222BD}.Release|Any CPU.Build.0 = Release|Any CPU
	EndGlobalSection
	GlobalSection(SolutionProperties) = preSolution
		HideSolutionNode = FALSE
	EndGlobalSection
	GlobalSection(ExtensibilityGlobals) = postSolution
		SolutionGuid = {8572E09E-8163-4303-993C-50EDE2B368CD}
	EndGlobalSection
EndGlobal
